
Microsoft Visual Studio Solution File, Format Version 12.00
# Visual Studio Version 17
VisualStudioVersion = 17.2.32602.215
MinimumVisualStudioVersion = 10.0.40219.1
Project("{9A19103F-16F7-4668-BE54-9A1E7A4F7556}") = "AzureApi", "AzureApi.csproj", "{A3B532E7-12EA-43CB-A591-BB5A2F3349A3}"
EndProject
Project("{9A19103F-16F7-4668-BE54-9A1E7A4F7556}") = "AzureApi.Tests", "..\AzureApi.Tests\AzureApi.Tests.csproj", "{096D9FE5-8A48-480C-ACA6-A8B310143687}"
EndProject
Project("{9A19103F-16F7-4668-BE54-9A1E7A4F7556}") = "DataProvider", "..\DataProvider\DataProvider.csproj", "{C9ECAC5C-6291-43C8-A7CD-AC190212F35D}"
EndProject
Global
	GlobalSection(SolutionConfigurationPlatforms) = preSolution
		Debug|Any CPU = Debug|Any CPU
		Release|Any CPU = Release|Any CPU
	EndGlobalSection
	GlobalSection(ProjectConfigurationPlatforms) = postSolution
		{A3B532E7-12EA-43CB-A591-BB5A2F3349A3}.Debug|Any CPU.ActiveCfg = Debug|Any CPU
		{A3B532E7-12EA-43CB-A591-BB5A2F3349A3}.Debug|Any CPU.Build.0 = Debug|Any CPU
		{A3B532E7-12EA-43CB-A591-BB5A2F3349A3}.Release|Any CPU.ActiveCfg = Release|Any CPU
		{A3B532E7-12EA-43CB-A591-BB5A2F3349A3}.Release|Any CPU.Build.0 = Release|Any CPU
		{096D9FE5-8A48-480C-ACA6-A8B310143687}.Debug|Any CPU.ActiveCfg = Debug|Any CPU
		{096D9FE5-8A48-480C-ACA6-A8B310143687}.Debug|Any CPU.Build.0 = Debug|Any CPU
		{096D9FE5-8A48-480C-ACA6-A8B310143687}.Release|Any CPU.ActiveCfg = Release|Any CPU
		{096D9FE5-8A48-480C-ACA6-A8B310143687}.Release|Any CPU.Build.0 = Release|Any CPU
		{C9ECAC5C-6291-43C8-A7CD-AC190212F35D}.Debug|Any CPU.ActiveCfg = Debug|Any CPU
		{C9ECAC5C-6291-43C8-A7CD-AC190212F35D}.Debug|Any CPU.Build.0 = Debug|Any CPU
		{C9ECAC5C-6291-43C8-A7CD-AC190212F35D}.Release|Any CPU.ActiveCfg = Release|Any CPU
		{C9ECAC5C-6291-43C8-A7CD-AC190212F35D}.Release|Any CPU.Build.0 = Release|Any CPU
	EndGlobalSection
	GlobalSection(SolutionProperties) = preSolution
		HideSolutionNode = FALSE
	EndGlobalSection
	GlobalSection(ExtensibilityGlobals) = postSolution
		SolutionGuid = {67A45AFB-0384-4EE6-A820-62BB2CB79613}
	EndGlobalSection
EndGlobal
